
Microsoft Visual Studio Solution File, Format Version 12.00
# Visual Studio Version 17
VisualStudioVersion = 17.10.34928.147
MinimumVisualStudioVersion = 10.0.40219.1
Project("{9A19103F-16F7-4668-BE54-9A1E7A4F7556}") = "Day01", "Day01\Day01.csproj", "{C61CD9A8-00E2-4447-8EF3-BBB2C09640DB}"
EndProject
Project("{9A19103F-16F7-4668-BE54-9A1E7A4F7556}") = "Day02", "Day02\Day02.csproj", "{D7044DED-143E-4AA6-8B38-EB9393D400CF}"
EndProject
Project("{9A19103F-16F7-4668-BE54-9A1E7A4F7556}") = "Day03", "Day03\Day03.csproj", "{9BF5399A-57F1-4816-9087-03173210F2B5}"
EndProject
Project("{9A19103F-16F7-4668-BE54-9A1E7A4F7556}") = "Day04", "Day04\Day04.csproj", "{67AFAD98-9969-4CA8-921F-2959D39BC74E}"
EndProject
Project("{9A19103F-16F7-4668-BE54-9A1E7A4F7556}") = "Day05", "Day05\Day05.csproj", "{E809CE57-2335-4DDE-9DC8-3D9A15A0F209}"
EndProject
Project("{9A19103F-16F7-4668-BE54-9A1E7A4F7556}") = "Day06", "Day06\Day06.csproj", "{60236F71-4095-4A51-BAA9-22735C3123E3}"
EndProject
Project("{9A19103F-16F7-4668-BE54-9A1E7A4F7556}") = "Day07", "Day07\Day07.csproj", "{5793311E-9078-420E-8099-96BDE4ECDBEC}"
EndProject
Project("{9A19103F-16F7-4668-BE54-9A1E7A4F7556}") = "Day08", "Day08\Day08.csproj", "{AB2A7523-73B1-429B-8F5B-46D6C492FCFB}"
EndProject
Project("{9A19103F-16F7-4668-BE54-9A1E7A4F7556}") = "Day09", "Day09\Day09.csproj", "{C7C71BCA-0E56-4258-BE89-61C790EB39A0}"
EndProject
Project("{9A19103F-16F7-4668-BE54-9A1E7A4F7556}") = "Day10", "Day10\Day10.csproj", "{782D6CF3-9521-4A47-A220-D5F76F7C69B0}"
EndProject
Project("{9A19103F-16F7-4668-BE54-9A1E7A4F7556}") = "Day11", "Day11\Day11.csproj", "{51606F62-9D49-4F19-B225-51C036A2E361}"
EndProject
Project("{9A19103F-16F7-4668-BE54-9A1E7A4F7556}") = "Day12", "Day12\Day12.csproj", "{A3BCBB41-27DA-4FC4-97BB-56B5E99346AA}"
EndProject
Project("{9A19103F-16F7-4668-BE54-9A1E7A4F7556}") = "Day13", "Day13\Day13.csproj", "{9BF0397C-0B3D-4553-9011-8FBF74728689}"
EndProject
Project("{9A19103F-16F7-4668-BE54-9A1E7A4F7556}") = "Day14", "Day14\Day14.csproj", "{6EA45648-9CB2-49C2-B549-00EEE999A2E0}"
EndProject
Project("{9A19103F-16F7-4668-BE54-9A1E7A4F7556}") = "Day15", "Day15\Day15.csproj", "{97F9DC9F-7BF2-45CE-8FF4-EC60C49E2CD1}"
EndProject
Project("{9A19103F-16F7-4668-BE54-9A1E7A4F7556}") = "Day16", "Day16\Day16.csproj", "{6AB52617-A3C8-4EDF-8F5D-08D5BB6E7929}"
EndProject
Project("{9A19103F-16F7-4668-BE54-9A1E7A4F7556}") = "Day17", "Day17\Day17.csproj", "{1267CDAE-7813-41DD-A554-37D33B0C4F83}"
EndProject
Project("{9A19103F-16F7-4668-BE54-9A1E7A4F7556}") = "Day18", "Day18\Day18.csproj", "{96169270-2AAB-4235-83A9-DA73187FA17B}"
EndProject
Project("{9A19103F-16F7-4668-BE54-9A1E7A4F7556}") = "Day19", "Day19\Day19.csproj", "{6693A866-B57D-46C6-BF6D-9A6267361F8F}"
EndProject
Project("{9A19103F-16F7-4668-BE54-9A1E7A4F7556}") = "Day20", "Day20\Day20.csproj", "{A50AFE3B-25E7-4352-9C8C-65F6B5FA0DBE}"
EndProject
Project("{9A19103F-16F7-4668-BE54-9A1E7A4F7556}") = "Day21", "Day21\Day21.csproj", "{E08B12A9-8828-4A91-95C5-97F790D53CCE}"
EndProject
Project("{9A19103F-16F7-4668-BE54-9A1E7A4F7556}") = "Day22", "Day22\Day22.csproj", "{3B83058C-4B48-46FD-8620-59D7E89DD673}"
EndProject
Project("{9A19103F-16F7-4668-BE54-9A1E7A4F7556}") = "Day23", "Day23\Day23.csproj", "{6FE1B4CC-5873-4C74-BA0B-D87A9D979539}"
EndProject
Project("{9A19103F-16F7-4668-BE54-9A1E7A4F7556}") = "Day24", "Day24\Day24.csproj", "{0F5E600C-EF0A-41AE-A6BD-44266DAB3195}"
EndProject
Project("{FAE04EC0-301F-11D3-BF4B-00C04F79EFBC}") = "Day25", "Day25\Day25.csproj", "{CB716362-EFA4-464D-B9A5-A0A0F5E04F3E}"
EndProject
Global
	GlobalSection(SolutionConfigurationPlatforms) = preSolution
		Debug|Any CPU = Debug|Any CPU
		Release|Any CPU = Release|Any CPU
	EndGlobalSection
	GlobalSection(ProjectConfigurationPlatforms) = postSolution
		{C61CD9A8-00E2-4447-8EF3-BBB2C09640DB}.Debug|Any CPU.ActiveCfg = Debug|Any CPU
		{C61CD9A8-00E2-4447-8EF3-BBB2C09640DB}.Debug|Any CPU.Build.0 = Debug|Any CPU
		{C61CD9A8-00E2-4447-8EF3-BBB2C09640DB}.Release|Any CPU.ActiveCfg = Release|Any CPU
		{C61CD9A8-00E2-4447-8EF3-BBB2C09640DB}.Release|Any CPU.Build.0 = Release|Any CPU
		{D7044DED-143E-4AA6-8B38-EB9393D400CF}.Debug|Any CPU.ActiveCfg = Debug|Any CPU
		{D7044DED-143E-4AA6-8B38-EB9393D400CF}.Debug|Any CPU.Build.0 = Debug|Any CPU
		{D7044DED-143E-4AA6-8B38-EB9393D400CF}.Release|Any CPU.ActiveCfg = Release|Any CPU
		{D7044DED-143E-4AA6-8B38-EB9393D400CF}.Release|Any CPU.Build.0 = Release|Any CPU
		{9BF5399A-57F1-4816-9087-03173210F2B5}.Debug|Any CPU.ActiveCfg = Debug|Any CPU
		{9BF5399A-57F1-4816-9087-03173210F2B5}.Debug|Any CPU.Build.0 = Debug|Any CPU
		{9BF5399A-57F1-4816-9087-03173210F2B5}.Release|Any CPU.ActiveCfg = Release|Any CPU
		{9BF5399A-57F1-4816-9087-03173210F2B5}.Release|Any CPU.Build.0 = Release|Any CPU
		{67AFAD98-9969-4CA8-921F-2959D39BC74E}.Debug|Any CPU.ActiveCfg = Debug|Any CPU
		{67AFAD98-9969-4CA8-921F-2959D39BC74E}.Debug|Any CPU.Build.0 = Debug|Any CPU
		{67AFAD98-9969-4CA8-921F-2959D39BC74E}.Release|Any CPU.ActiveCfg = Release|Any CPU
		{67AFAD98-9969-4CA8-921F-2959D39BC74E}.Release|Any CPU.Build.0 = Release|Any CPU
		{E809CE57-2335-4DDE-9DC8-3D9A15A0F209}.Debug|Any CPU.ActiveCfg = Debug|Any CPU
		{E809CE57-2335-4DDE-9DC8-3D9A15A0F209}.Debug|Any CPU.Build.0 = Debug|Any CPU
		{E809CE57-2335-4DDE-9DC8-3D9A15A0F209}.Release|Any CPU.ActiveCfg = Release|Any CPU
		{E809CE57-2335-4DDE-9DC8-3D9A15A0F209}.Release|Any CPU.Build.0 = Release|Any CPU
		{60236F71-4095-4A51-BAA9-22735C3123E3}.Debug|Any CPU.ActiveCfg = Debug|Any CPU
		{60236F71-4095-4A51-BAA9-22735C3123E3}.Debug|Any CPU.Build.0 = Debug|Any CPU
		{60236F71-4095-4A51-BAA9-22735C3123E3}.Release|Any CPU.ActiveCfg = Release|Any CPU
		{60236F71-4095-4A51-BAA9-22735C3123E3}.Release|Any CPU.Build.0 = Release|Any CPU
		{5793311E-9078-420E-8099-96BDE4ECDBEC}.Debug|Any CPU.ActiveCfg = Debug|Any CPU
		{5793311E-9078-420E-8099-96BDE4ECDBEC}.Debug|Any CPU.Build.0 = Debug|Any CPU
		{5793311E-9078-420E-8099-96BDE4ECDBEC}.Release|Any CPU.ActiveCfg = Release|Any CPU
		{5793311E-9078-420E-8099-96BDE4ECDBEC}.Release|Any CPU.Build.0 = Release|Any CPU
		{AB2A7523-73B1-429B-8F5B-46D6C492FCFB}.Debug|Any CPU.ActiveCfg = Debug|Any CPU
		{AB2A7523-73B1-429B-8F5B-46D6C492FCFB}.Debug|Any CPU.Build.0 = Debug|Any CPU
		{AB2A7523-73B1-429B-8F5B-46D6C492FCFB}.Release|Any CPU.ActiveCfg = Release|Any CPU
		{AB2A7523-73B1-429B-8F5B-46D6C492FCFB}.Release|Any CPU.Build.0 = Release|Any CPU
		{C7C71BCA-0E56-4258-BE89-61C790EB39A0}.Debug|Any CPU.ActiveCfg = Debug|Any CPU
		{C7C71BCA-0E56-4258-BE89-61C790EB39A0}.Debug|Any CPU.Build.0 = Debug|Any CPU
		{C7C71BCA-0E56-4258-BE89-61C790EB39A0}.Release|Any CPU.ActiveCfg = Release|Any CPU
		{C7C71BCA-0E56-4258-BE89-61C790EB39A0}.Release|Any CPU.Build.0 = Release|Any CPU
		{782D6CF3-9521-4A47-A220-D5F76F7C69B0}.Debug|Any CPU.ActiveCfg = Debug|Any CPU
		{782D6CF3-9521-4A47-A220-D5F76F7C69B0}.Debug|Any CPU.Build.0 = Debug|Any CPU
		{782D6CF3-9521-4A47-A220-D5F76F7C69B0}.Release|Any CPU.ActiveCfg = Release|Any CPU
		{782D6CF3-9521-4A47-A220-D5F76F7C69B0}.Release|Any CPU.Build.0 = Release|Any CPU
		{51606F62-9D49-4F19-B225-51C036A2E361}.Debug|Any CPU.ActiveCfg = Debug|Any CPU
		{51606F62-9D49-4F19-B225-51C036A2E361}.Debug|Any CPU.Build.0 = Debug|Any CPU
		{51606F62-9D49-4F19-B225-51C036A2E361}.Release|Any CPU.ActiveCfg = Release|Any CPU
		{51606F62-9D49-4F19-B225-51C036A2E361}.Release|Any CPU.Build.0 = Release|Any CPU
		{A3BCBB41-27DA-4FC4-97BB-56B5E99346AA}.Debug|Any CPU.ActiveCfg = Debug|Any CPU
		{A3BCBB41-27DA-4FC4-97BB-56B5E99346AA}.Debug|Any CPU.Build.0 = Debug|Any CPU
		{A3BCBB41-27DA-4FC4-97BB-56B5E99346AA}.Release|Any CPU.ActiveCfg = Release|Any CPU
		{A3BCBB41-27DA-4FC4-97BB-56B5E99346AA}.Release|Any CPU.Build.0 = Release|Any CPU
		{9BF0397C-0B3D-4553-9011-8FBF74728689}.Debug|Any CPU.ActiveCfg = Debug|Any CPU
		{9BF0397C-0B3D-4553-9011-8FBF74728689}.Debug|Any CPU.Build.0 = Debug|Any CPU
		{9BF0397C-0B3D-4553-9011-8FBF74728689}.Release|Any CPU.ActiveCfg = Release|Any CPU
		{9BF0397C-0B3D-4553-9011-8FBF74728689}.Release|Any CPU.Build.0 = Release|Any CPU
		{6EA45648-9CB2-49C2-B549-00EEE999A2E0}.Debug|Any CPU.ActiveCfg = Debug|Any CPU
		{6EA45648-9CB2-49C2-B549-00EEE999A2E0}.Debug|Any CPU.Build.0 = Debug|Any CPU
		{6EA45648-9CB2-49C2-B549-00EEE999A2E0}.Release|Any CPU.ActiveCfg = Release|Any CPU
		{6EA45648-9CB2-49C2-B549-00EEE999A2E0}.Release|Any CPU.Build.0 = Release|Any CPU
		{97F9DC9F-7BF2-45CE-8FF4-EC60C49E2CD1}.Debug|Any CPU.ActiveCfg = Debug|Any CPU
		{97F9DC9F-7BF2-45CE-8FF4-EC60C49E2CD1}.Debug|Any CPU.Build.0 = Debug|Any CPU
		{97F9DC9F-7BF2-45CE-8FF4-EC60C49E2CD1}.Release|Any CPU.ActiveCfg = Release|Any CPU
		{97F9DC9F-7BF2-45CE-8FF4-EC60C49E2CD1}.Release|Any CPU.Build.0 = Release|Any CPU
		{6AB52617-A3C8-4EDF-8F5D-08D5BB6E7929}.Debug|Any CPU.ActiveCfg = Debug|Any CPU
		{6AB52617-A3C8-4EDF-8F5D-08D5BB6E7929}.Debug|Any CPU.Build.0 = Debug|Any CPU
		{6AB52617-A3C8-4EDF-8F5D-08D5BB6E7929}.Release|Any CPU.ActiveCfg = Release|Any CPU
		{6AB52617-A3C8-4EDF-8F5D-08D5BB6E7929}.Release|Any CPU.Build.0 = Release|Any CPU
		{1267CDAE-7813-41DD-A554-37D33B0C4F83}.Debug|Any CPU.ActiveCfg = Debug|Any CPU
		{1267CDAE-7813-41DD-A554-37D33B0C4F83}.Debug|Any CPU.Build.0 = Debug|Any CPU
		{1267CDAE-7813-41DD-A554-37D33B0C4F83}.Release|Any CPU.ActiveCfg = Release|Any CPU
		{1267CDAE-7813-41DD-A554-37D33B0C4F83}.Release|Any CPU.Build.0 = Release|Any CPU
		{96169270-2AAB-4235-83A9-DA73187FA17B}.Debug|Any CPU.ActiveCfg = Debug|Any CPU
		{96169270-2AAB-4235-83A9-DA73187FA17B}.Debug|Any CPU.Build.0 = Debug|Any CPU
		{96169270-2AAB-4235-83A9-DA73187FA17B}.Release|Any CPU.ActiveCfg = Release|Any CPU
		{96169270-2AAB-4235-83A9-DA73187FA17B}.Release|Any CPU.Build.0 = Release|Any CPU
		{6693A866-B57D-46C6-BF6D-9A6267361F8F}.Debug|Any CPU.ActiveCfg = Debug|Any CPU
		{6693A866-B57D-46C6-BF6D-9A6267361F8F}.Debug|Any CPU.Build.0 = Debug|Any CPU
		{6693A866-B57D-46C6-BF6D-9A6267361F8F}.Release|Any CPU.ActiveCfg = Release|Any CPU
		{6693A866-B57D-46C6-BF6D-9A6267361F8F}.Release|Any CPU.Build.0 = Release|Any CPU
		{A50AFE3B-25E7-4352-9C8C-65F6B5FA0DBE}.Debug|Any CPU.ActiveCfg = Debug|Any CPU
		{A50AFE3B-25E7-4352-9C8C-65F6B5FA0DBE}.Debug|Any CPU.Build.0 = Debug|Any CPU
		{A50AFE3B-25E7-4352-9C8C-65F6B5FA0DBE}.Release|Any CPU.ActiveCfg = Release|Any CPU
		{A50AFE3B-25E7-4352-9C8C-65F6B5FA0DBE}.Release|Any CPU.Build.0 = Release|Any CPU
		{E08B12A9-8828-4A91-95C5-97F790D53CCE}.Debug|Any CPU.ActiveCfg = Debug|Any CPU
		{E08B12A9-8828-4A91-95C5-97F790D53CCE}.Debug|Any CPU.Build.0 = Debug|Any CPU
		{E08B12A9-8828-4A91-95C5-97F790D53CCE}.Release|Any CPU.ActiveCfg = Release|Any CPU
		{E08B12A9-8828-4A91-95C5-97F790D53CCE}.Release|Any CPU.Build.0 = Release|Any CPU
		{3B83058C-4B48-46FD-8620-59D7E89DD673}.Debug|Any CPU.ActiveCfg = Debug|Any CPU
		{3B83058C-4B48-46FD-8620-59D7E89DD673}.Debug|Any CPU.Build.0 = Debug|Any CPU
		{3B83058C-4B48-46FD-8620-59D7E89DD673}.Release|Any CPU.ActiveCfg = Release|Any CPU
		{3B83058C-4B48-46FD-8620-59D7E89DD673}.Release|Any CPU.Build.0 = Release|Any CPU
		{6FE1B4CC-5873-4C74-BA0B-D87A9D979539}.Debug|Any CPU.ActiveCfg = Debug|Any CPU
		{6FE1B4CC-5873-4C74-BA0B-D87A9D979539}.Debug|Any CPU.Build.0 = Debug|Any CPU
		{6FE1B4CC-5873-4C74-BA0B-D87A9D979539}.Release|Any CPU.ActiveCfg = Release|Any CPU
		{6FE1B4CC-5873-4C74-BA0B-D87A9D979539}.Release|Any CPU.Build.0 = Release|Any CPU
		{0F5E600C-EF0A-41AE-A6BD-44266DAB3195}.Debug|Any CPU.ActiveCfg = Debug|Any CPU
		{0F5E600C-EF0A-41AE-A6BD-44266DAB3195}.Debug|Any CPU.Build.0 = Debug|Any CPU
		{0F5E600C-EF0A-41AE-A6BD-44266DAB3195}.Release|Any CPU.ActiveCfg = Release|Any CPU
		{0F5E600C-EF0A-41AE-A6BD-44266DAB3195}.Release|Any CPU.Build.0 = Release|Any CPU
		{CB716362-EFA4-464D-B9A5-A0A0F5E04F3E}.Debug|Any CPU.ActiveCfg = Debug|Any CPU
		{CB716362-EFA4-464D-B9A5-A0A0F5E04F3E}.Debug|Any CPU.Build.0 = Debug|Any CPU
		{CB716362-EFA4-464D-B9A5-A0A0F5E04F3E}.Release|Any CPU.ActiveCfg = Release|Any CPU
		{CB716362-EFA4-464D-B9A5-A0A0F5E04F3E}.Release|Any CPU.Build.0 = Release|Any CPU
	EndGlobalSection
	GlobalSection(SolutionProperties) = preSolution
		HideSolutionNode = FALSE
	EndGlobalSection
	GlobalSection(ExtensibilityGlobals) = postSolution
		SolutionGuid = {BFA12B9F-F8F6-4211-B1B4-14ED82C0168F}
	EndGlobalSection
EndGlobal
